
Microsoft Visual Studio Solution File, Format Version 12.00
Project("{FAE04EC0-301F-11D3-BF4B-00C04F79EFBC}") = "RetardFilter", "RetardFilter\RetardFilter.csproj", "{3F7595F2-3B84-48A3-967E-69A4657E4DD1}"
EndProject
Project("{FAE04EC0-301F-11D3-BF4B-00C04F79EFBC}") = "GeneralModule", "GeneralModule\GeneralModule.csproj", "{1F770264-6847-4E52-AF98-3D6BA14086F9}"
EndProject
Project("{FAE04EC0-301F-11D3-BF4B-00C04F79EFBC}") = "TemplateModule", "TemplateModule\TemplateModule.csproj", "{11E5B02B-973B-46C3-9F6F-0737604CE0AC}"
EndProject
Project("{FAE04EC0-301F-11D3-BF4B-00C04F79EFBC}") = "CoreModule", "CoreModule\CoreModule.csproj", "{7294A42F-E174-4442-A34B-7B4524FBF7EB}"
EndProject
Project("{FAE04EC0-301F-11D3-BF4B-00C04F79EFBC}") = "UserCommands", "UserCommands\UserCommands.csproj", "{36AB7EE2-4583-4C1E-9F25-D2DEFA590F64}"
EndProject
Global
	GlobalSection(SolutionConfigurationPlatforms) = preSolution
		Debug|Any CPU = Debug|Any CPU
		Release|Any CPU = Release|Any CPU
	EndGlobalSection
	GlobalSection(ProjectConfigurationPlatforms) = postSolution
		{3F7595F2-3B84-48A3-967E-69A4657E4DD1}.Debug|Any CPU.ActiveCfg = Debug|Any CPU
		{3F7595F2-3B84-48A3-967E-69A4657E4DD1}.Debug|Any CPU.Build.0 = Debug|Any CPU
		{3F7595F2-3B84-48A3-967E-69A4657E4DD1}.Release|Any CPU.ActiveCfg = Release|Any CPU
		{3F7595F2-3B84-48A3-967E-69A4657E4DD1}.Release|Any CPU.Build.0 = Release|Any CPU
		{1F770264-6847-4E52-AF98-3D6BA14086F9}.Debug|Any CPU.ActiveCfg = Debug|Any CPU
		{1F770264-6847-4E52-AF98-3D6BA14086F9}.Debug|Any CPU.Build.0 = Debug|Any CPU
		{1F770264-6847-4E52-AF98-3D6BA14086F9}.Release|Any CPU.ActiveCfg = Release|Any CPU
		{1F770264-6847-4E52-AF98-3D6BA14086F9}.Release|Any CPU.Build.0 = Release|Any CPU
		{11E5B02B-973B-46C3-9F6F-0737604CE0AC}.Debug|Any CPU.ActiveCfg = Debug|Any CPU
		{11E5B02B-973B-46C3-9F6F-0737604CE0AC}.Debug|Any CPU.Build.0 = Debug|Any CPU
		{11E5B02B-973B-46C3-9F6F-0737604CE0AC}.Release|Any CPU.ActiveCfg = Release|Any CPU
		{11E5B02B-973B-46C3-9F6F-0737604CE0AC}.Release|Any CPU.Build.0 = Release|Any CPU
		{7294A42F-E174-4442-A34B-7B4524FBF7EB}.Debug|Any CPU.ActiveCfg = Debug|Any CPU
		{7294A42F-E174-4442-A34B-7B4524FBF7EB}.Debug|Any CPU.Build.0 = Debug|Any CPU
		{7294A42F-E174-4442-A34B-7B4524FBF7EB}.Release|Any CPU.ActiveCfg = Release|Any CPU
		{7294A42F-E174-4442-A34B-7B4524FBF7EB}.Release|Any CPU.Build.0 = Release|Any CPU
		{36AB7EE2-4583-4C1E-9F25-D2DEFA590F64}.Debug|Any CPU.ActiveCfg = Debug|Any CPU
		{36AB7EE2-4583-4C1E-9F25-D2DEFA590F64}.Debug|Any CPU.Build.0 = Debug|Any CPU
		{36AB7EE2-4583-4C1E-9F25-D2DEFA590F64}.Release|Any CPU.ActiveCfg = Release|Any CPU
		{36AB7EE2-4583-4C1E-9F25-D2DEFA590F64}.Release|Any CPU.Build.0 = Release|Any CPU
	EndGlobalSection
EndGlobal
